
Microsoft Visual Studio Solution File, Format Version 12.00
# Visual Studio Version 16
VisualStudioVersion = 16.0.30717.126
MinimumVisualStudioVersion = 10.0.40219.1
Project("{FAE04EC0-301F-11D3-BF4B-00C04F79EFBC}") = "Protofolio", "Protofolio\Protofolio.csproj", "{919AECE6-4BF3-4E07-91C1-0FFDE0EBB3D5}"
EndProject
Global
	GlobalSection(SolutionConfigurationPlatforms) = preSolution
		Debug|Any CPU = Debug|Any CPU
		Release|Any CPU = Release|Any CPU
	EndGlobalSection
	GlobalSection(ProjectConfigurationPlatforms) = postSolution
		{919AECE6-4BF3-4E07-91C1-0FFDE0EBB3D5}.Debug|Any CPU.ActiveCfg = Debug|Any CPU
		{919AECE6-4BF3-4E07-91C1-0FFDE0EBB3D5}.Debug|Any CPU.Build.0 = Debug|Any CPU
		{919AECE6-4BF3-4E07-91C1-0FFDE0EBB3D5}.Release|Any CPU.ActiveCfg = Release|Any CPU
		{919AECE6-4BF3-4E07-91C1-0FFDE0EBB3D5}.Release|Any CPU.Build.0 = Release|Any CPU
	EndGlobalSection
	GlobalSection(SolutionProperties) = preSolution
		HideSolutionNode = FALSE
	EndGlobalSection
	GlobalSection(ExtensibilityGlobals) = postSolution
		SolutionGuid = {F9E0A4FC-E73A-486E-8021-DF62517D383B}
	EndGlobalSection
EndGlobal
